<?xml version="1.0" encoding="utf-8"?>
<Project ToolsVersion="4.0" xmlns="http://schemas.microsoft.com/developer/msbuild/2003">
  <ItemGroup>
    <Filter Include="源文件">
      <UniqueIdentifier>{4FC737F1-C7A5-4376-A066-2A32D752A2FF}</UniqueIdentifier>
      <Extensions>cpp;c;cc;cxx;def;odl;idl;hpj;bat;asm;asmx</Extensions>
    </Filter>
    <Filter Include="头文件">
      <UniqueIdentifier>{93995380-89BD-4b04-88EB-625FBE52EBFB}</UniqueIdentifier>
      <Extensions>h;hh;hpp;hxx;hm;inl;inc;xsd</Extensions>
    </Filter>
    <Filter Include="资源文件">
      <UniqueIdentifier>{67DA6AB6-F800-4c08-8B7A-83BB121AAD01}</UniqueIdentifier>
      <Extensions>rc;ico;cur;bmp;dlg;rc2;rct;bin;rgs;gif;jpg;jpeg;jpe;resx;tiff;tif;png;wav;mfcribbon-ms</Extensions>
    </Filter>
  </ItemGroup>
  <ItemGroup>
    <Text Include="ReadMe.txt" />
  </ItemGroup>
  <ItemGroup>
    <ClInclude Include="stdafx.h">
      <Filter>头文件</Filter>
    </ClInclude>
    <ClInclude Include="targetver.h">
      <Filter>头文件</Filter>
    </ClInclude>
    <ClInclude Include="math3d.h">
      <Filter>头文件</Filter>
    </ClInclude>
    <ClInclude Include="sky.h">
      <Filter>头文件</Filter>
    </ClInclude>
<<<<<<< HEAD
    <ClInclude Include="Camera.h">
      <Filter>头文件</Filter>
    </ClInclude>
    <ClInclude Include="CollRect.h">
      <Filter>头文件</Filter>
    </ClInclude>
    <ClInclude Include="Player.h">
=======
    <ClInclude Include="solarSystem.h">
      <Filter>头文件</Filter>
    </ClInclude>
    <ClInclude Include="Planet.h">
>>>>>>> c62eb73411874a5b43b6758d80f233aa903094f3
      <Filter>头文件</Filter>
    </ClInclude>
  </ItemGroup>
  <ItemGroup>
    <ClCompile Include="stdafx.cpp">
      <Filter>源文件</Filter>
    </ClCompile>
    <ClCompile Include="oglprotest.cpp">
      <Filter>源文件</Filter>
    </ClCompile>
    <ClCompile Include="math3d.cpp">
      <Filter>源文件</Filter>
    </ClCompile>
    <ClCompile Include="sky.cpp">
      <Filter>源文件</Filter>
    </ClCompile>
<<<<<<< HEAD
    <ClCompile Include="Camera.cpp">
      <Filter>源文件</Filter>
    </ClCompile>
    <ClCompile Include="CollRect.cpp">
      <Filter>源文件</Filter>
    </ClCompile>
    <ClCompile Include="Player.cpp">
=======
    <ClCompile Include="sloarSystem.cpp">
      <Filter>源文件</Filter>
    </ClCompile>
    <ClCompile Include="Planet.cpp">
>>>>>>> c62eb73411874a5b43b6758d80f233aa903094f3
      <Filter>源文件</Filter>
    </ClCompile>
  </ItemGroup>
  <ItemGroup>
    <Image Include="..\..\StarShow\StarShow\earth.bmp">
      <Filter>资源文件</Filter>
    </Image>
    <Image Include="..\..\StarShow\StarShow\sun.bmp">
      <Filter>资源文件</Filter>
    </Image>
    <Image Include="shuixing.bmp">
      <Filter>资源文件</Filter>
    </Image>
    <Image Include="jinxing.bmp">
      <Filter>资源文件</Filter>
    </Image>
    <Image Include="huoxing.bmp">
      <Filter>资源文件</Filter>
    </Image>
    <Image Include="muxing.bmp">
      <Filter>资源文件</Filter>
    </Image>
    <Image Include="haiwangxing.bmp">
      <Filter>资源文件</Filter>
    </Image>
    <Image Include="tianwangxing.bmp">
      <Filter>资源文件</Filter>
    </Image>
    <Image Include="skybackground.bmp">
      <Filter>资源文件</Filter>
    </Image>
  </ItemGroup>
</Project>